
Microsoft Visual Studio Solution File, Format Version 12.00
# Visual Studio Version 16
VisualStudioVersion = 16.0.30406.217
MinimumVisualStudioVersion = 10.0.40219.1
Project("{FAE04EC0-301F-11D3-BF4B-00C04F79EFBC}") = "SCHOOL DEV", "SCHOOL DEV\SCHOOL DEV.csproj", "{418F5AB8-628C-4E60-906D-77BE40639091}"
EndProject
Global
	GlobalSection(SolutionConfigurationPlatforms) = preSolution
		Debug|Any CPU = Debug|Any CPU
		Release|Any CPU = Release|Any CPU
	EndGlobalSection
	GlobalSection(ProjectConfigurationPlatforms) = postSolution
		{418F5AB8-628C-4E60-906D-77BE40639091}.Debug|Any CPU.ActiveCfg = Debug|Any CPU
		{418F5AB8-628C-4E60-906D-77BE40639091}.Debug|Any CPU.Build.0 = Debug|Any CPU
		{418F5AB8-628C-4E60-906D-77BE40639091}.Release|Any CPU.ActiveCfg = Release|Any CPU
		{418F5AB8-628C-4E60-906D-77BE40639091}.Release|Any CPU.Build.0 = Release|Any CPU
	EndGlobalSection
	GlobalSection(SolutionProperties) = preSolution
		HideSolutionNode = FALSE
	EndGlobalSection
	GlobalSection(ExtensibilityGlobals) = postSolution
		SolutionGuid = {027950D9-6B11-40AF-9969-8912E629FDA4}
	EndGlobalSection
EndGlobal
