
Microsoft Visual Studio Solution File, Format Version 12.00
# Visual Studio 15
VisualStudioVersion = 15.0.28307.168
MinimumVisualStudioVersion = 10.0.40219.1
Project("{FAE04EC0-301F-11D3-BF4B-00C04F79EFBC}") = "SCHOOL DEV", "SCHOOL DEV\SCHOOL DEV.csproj", "{418F5AB8-628C-4E60-906D-77BE40639091}"
EndProject
Project("{54435603-DBB4-11D2-8724-00A0C9A8B90C}") = "KeyZone School V4 2020", "..\..\Setup\KeyZone School V4 2020\KeyZone School V4 2020\KeyZone School V4 2020\KeyZone School V4 2020.vdproj", "{15B558BF-91D3-4CBF-AA05-455F2C854DE7}"
EndProject
Global
	GlobalSection(SolutionConfigurationPlatforms) = preSolution
		Debug|Any CPU = Debug|Any CPU
		Release|Any CPU = Release|Any CPU
	EndGlobalSection
	GlobalSection(ProjectConfigurationPlatforms) = postSolution
		{418F5AB8-628C-4E60-906D-77BE40639091}.Debug|Any CPU.ActiveCfg = Debug|Any CPU
		{418F5AB8-628C-4E60-906D-77BE40639091}.Debug|Any CPU.Build.0 = Debug|Any CPU
		{418F5AB8-628C-4E60-906D-77BE40639091}.Release|Any CPU.ActiveCfg = Release|Any CPU
		{418F5AB8-628C-4E60-906D-77BE40639091}.Release|Any CPU.Build.0 = Release|Any CPU
		{15B558BF-91D3-4CBF-AA05-455F2C854DE7}.Debug|Any CPU.ActiveCfg = Debug
		{15B558BF-91D3-4CBF-AA05-455F2C854DE7}.Release|Any CPU.ActiveCfg = Release
	EndGlobalSection
	GlobalSection(SolutionProperties) = preSolution
		HideSolutionNode = FALSE
	EndGlobalSection
	GlobalSection(ExtensibilityGlobals) = postSolution
		SolutionGuid = {027950D9-6B11-40AF-9969-8912E629FDA4}
	EndGlobalSection
EndGlobal
